
Microsoft Visual Studio Solution File, Format Version 12.00
# Visual Studio 15
VisualStudioVersion = 15.0.28307.779
MinimumVisualStudioVersion = 10.0.40219.1
Project("{F184B08F-C81C-45F6-A57F-5ABD9991F28F}") = "MCPixelArtCrafter", "MCPixelArtCrafter\MCPixelArtCrafter.vbproj", "{5CE282FC-EC17-4A6D-A9CF-A231D8663E9F}"
	ProjectSection(ProjectDependencies) = postProject
		{37812A22-91F3-4220-891E-5C26DA64A975} = {37812A22-91F3-4220-891E-5C26DA64A975}
	EndProjectSection
EndProject
Project("{F184B08F-C81C-45F6-A57F-5ABD9991F28F}") = "JSONGenerator", "JSONGenerator\JSONGenerator.vbproj", "{A312A9E3-8C9C-4075-A1DF-E6013B87DEBD}"
EndProject
Project("{2150E333-8FDC-42A3-9474-1A3956D46DE8}") = "Solution Items", "Solution Items", "{48CE5E25-FDF2-4DB4-B760-BA89EEBBC7E7}"
EndProject
Project("{FAE04EC0-301F-11D3-BF4B-00C04F79EFBC}") = "SimplePaletteQuantizer", "SimplePaletteQuantizer\SimplePaletteQuantizer.csproj", "{37812A22-91F3-4220-891E-5C26DA64A975}"
EndProject
Project("{F184B08F-C81C-45F6-A57F-5ABD9991F28F}") = "MCPixelArtCrafterWPF", "MCPixelArtCrafterWPF\MCPixelArtCrafterWPF.vbproj", "{F1629748-C163-4C4C-B795-311469B06D88}"
EndProject
Global
	GlobalSection(SolutionConfigurationPlatforms) = preSolution
		Debug|Any CPU = Debug|Any CPU
		Release|Any CPU = Release|Any CPU
	EndGlobalSection
	GlobalSection(ProjectConfigurationPlatforms) = postSolution
		{5CE282FC-EC17-4A6D-A9CF-A231D8663E9F}.Debug|Any CPU.ActiveCfg = Debug|Any CPU
		{5CE282FC-EC17-4A6D-A9CF-A231D8663E9F}.Debug|Any CPU.Build.0 = Debug|Any CPU
		{5CE282FC-EC17-4A6D-A9CF-A231D8663E9F}.Release|Any CPU.ActiveCfg = Release|Any CPU
		{5CE282FC-EC17-4A6D-A9CF-A231D8663E9F}.Release|Any CPU.Build.0 = Release|Any CPU
		{A312A9E3-8C9C-4075-A1DF-E6013B87DEBD}.Debug|Any CPU.ActiveCfg = Debug|Any CPU
		{A312A9E3-8C9C-4075-A1DF-E6013B87DEBD}.Debug|Any CPU.Build.0 = Debug|Any CPU
		{A312A9E3-8C9C-4075-A1DF-E6013B87DEBD}.Release|Any CPU.ActiveCfg = Release|Any CPU
		{A312A9E3-8C9C-4075-A1DF-E6013B87DEBD}.Release|Any CPU.Build.0 = Release|Any CPU
		{37812A22-91F3-4220-891E-5C26DA64A975}.Debug|Any CPU.ActiveCfg = Debug|Any CPU
		{37812A22-91F3-4220-891E-5C26DA64A975}.Debug|Any CPU.Build.0 = Debug|Any CPU
		{37812A22-91F3-4220-891E-5C26DA64A975}.Release|Any CPU.ActiveCfg = Release|Any CPU
		{37812A22-91F3-4220-891E-5C26DA64A975}.Release|Any CPU.Build.0 = Release|Any CPU
		{F1629748-C163-4C4C-B795-311469B06D88}.Debug|Any CPU.ActiveCfg = Debug|Any CPU
		{F1629748-C163-4C4C-B795-311469B06D88}.Debug|Any CPU.Build.0 = Debug|Any CPU
		{F1629748-C163-4C4C-B795-311469B06D88}.Release|Any CPU.ActiveCfg = Release|Any CPU
		{F1629748-C163-4C4C-B795-311469B06D88}.Release|Any CPU.Build.0 = Release|Any CPU
	EndGlobalSection
	GlobalSection(SolutionProperties) = preSolution
		HideSolutionNode = FALSE
	EndGlobalSection
	GlobalSection(ExtensibilityGlobals) = postSolution
		SolutionGuid = {5D0BF568-027F-4BD0-B23F-411704B4F651}
	EndGlobalSection
	GlobalSection(Performance) = preSolution
		HasPerformanceSessions = true
	EndGlobalSection
	GlobalSection(Performance) = preSolution
		HasPerformanceSessions = true
	EndGlobalSection
	GlobalSection(Performance) = preSolution
		HasPerformanceSessions = true
	EndGlobalSection
EndGlobal
